
Microsoft Visual Studio Solution File, Format Version 12.00
# Visual Studio Version 17
VisualStudioVersion = 17.13.35828.75 d17.13
MinimumVisualStudioVersion = 10.0.40219.1
Project("{FAE04EC0-301F-11D3-BF4B-00C04F79EFBC}") = "App", "App\App\App.csproj", "{8136A5B1-BF79-4F95-8D3D-3B7AADC49F30}"
EndProject
Project("{FAE04EC0-301F-11D3-BF4B-00C04F79EFBC}") = "API", "API\API\API.csproj", "{C9F9FCE4-C4A0-4C8F-BF81-DEC8C3CEDDCB}"
EndProject
Global
	GlobalSection(SolutionConfigurationPlatforms) = preSolution
		Debug|Any CPU = Debug|Any CPU
		Release|Any CPU = Release|Any CPU
	EndGlobalSection
	GlobalSection(ProjectConfigurationPlatforms) = postSolution
		{8136A5B1-BF79-4F95-8D3D-3B7AADC49F30}.Debug|Any CPU.ActiveCfg = Debug|Any CPU
		{8136A5B1-BF79-4F95-8D3D-3B7AADC49F30}.Debug|Any CPU.Build.0 = Debug|Any CPU
		{8136A5B1-BF79-4F95-8D3D-3B7AADC49F30}.Debug|Any CPU.Deploy.0 = Debug|Any CPU
		{8136A5B1-BF79-4F95-8D3D-3B7AADC49F30}.Release|Any CPU.ActiveCfg = Release|Any CPU
		{8136A5B1-BF79-4F95-8D3D-3B7AADC49F30}.Release|Any CPU.Build.0 = Release|Any CPU
		{C9F9FCE4-C4A0-4C8F-BF81-DEC8C3CEDDCB}.Debug|Any CPU.ActiveCfg = Debug|Any CPU
		{C9F9FCE4-C4A0-4C8F-BF81-DEC8C3CEDDCB}.Debug|Any CPU.Build.0 = Debug|Any CPU
		{C9F9FCE4-C4A0-4C8F-BF81-DEC8C3CEDDCB}.Release|Any CPU.ActiveCfg = Release|Any CPU
		{C9F9FCE4-C4A0-4C8F-BF81-DEC8C3CEDDCB}.Release|Any CPU.Build.0 = Release|Any CPU
	EndGlobalSection
	GlobalSection(SolutionProperties) = preSolution
		HideSolutionNode = FALSE
	EndGlobalSection
	GlobalSection(ExtensibilityGlobals) = postSolution
		SolutionGuid = {1B57202F-E4D2-49D6-B57D-493C4C2FE5F3}
	EndGlobalSection
EndGlobal
